
Microsoft Visual Studio Solution File, Format Version 12.00
# Visual Studio Version 17
VisualStudioVersion = 17.13.35828.75
MinimumVisualStudioVersion = 10.0.40219.1
Project("{FAE04EC0-301F-11D3-BF4B-00C04F79EFBC}") = "AdvertisingPlatforms", "AdvertisingPlatforms\AdvertisingPlatforms.csproj", "{2D93E442-7985-45D1-A116-DA3744BF8BA4}"
	ProjectSection(ProjectDependencies) = postProject
		{8ECAD98E-96DA-D532-CFDF-200731811F44} = {8ECAD98E-96DA-D532-CFDF-200731811F44}
	EndProjectSection
EndProject
Project("{FAE04EC0-301F-11D3-BF4B-00C04F79EFBC}") = "AdvertisingPlatforms.Tests", "AdvertisingPlatforms.Tests\AdvertisingPlatforms.Tests.csproj", "{C4F00730-6B11-45BD-A319-E9B1A35343F7}"
	ProjectSection(ProjectDependencies) = postProject
		{2D93E442-7985-45D1-A116-DA3744BF8BA4} = {2D93E442-7985-45D1-A116-DA3744BF8BA4}
		{8ECAD98E-96DA-D532-CFDF-200731811F44} = {8ECAD98E-96DA-D532-CFDF-200731811F44}
	EndProjectSection
EndProject
Project("{FAE04EC0-301F-11D3-BF4B-00C04F79EFBC}") = "AdvertisingPlatforms.Domain", "AdvertisingPlatforms.Domain\AdvertisingPlatforms.Domain.csproj", "{2285FDCF-4C97-7B45-BCA4-1AF65EBDDA1A}"
EndProject
Project("{FAE04EC0-301F-11D3-BF4B-00C04F79EFBC}") = "AdvertisingPlatforms.DAL", "AdvertisingPlatforms.DAL\AdvertisingPlatforms.DAL.csproj", "{8ECAD98E-96DA-D532-CFDF-200731811F44}"
EndProject
Global
	GlobalSection(SolutionConfigurationPlatforms) = preSolution
		Debug|Any CPU = Debug|Any CPU
		Release|Any CPU = Release|Any CPU
	EndGlobalSection
	GlobalSection(ProjectConfigurationPlatforms) = postSolution
		{2D93E442-7985-45D1-A116-DA3744BF8BA4}.Debug|Any CPU.ActiveCfg = Debug|Any CPU
		{2D93E442-7985-45D1-A116-DA3744BF8BA4}.Debug|Any CPU.Build.0 = Debug|Any CPU
		{2D93E442-7985-45D1-A116-DA3744BF8BA4}.Release|Any CPU.ActiveCfg = Release|Any CPU
		{2D93E442-7985-45D1-A116-DA3744BF8BA4}.Release|Any CPU.Build.0 = Release|Any CPU
		{C4F00730-6B11-45BD-A319-E9B1A35343F7}.Debug|Any CPU.ActiveCfg = Debug|Any CPU
		{C4F00730-6B11-45BD-A319-E9B1A35343F7}.Debug|Any CPU.Build.0 = Debug|Any CPU
		{C4F00730-6B11-45BD-A319-E9B1A35343F7}.Release|Any CPU.ActiveCfg = Release|Any CPU
		{C4F00730-6B11-45BD-A319-E9B1A35343F7}.Release|Any CPU.Build.0 = Release|Any CPU
		{2285FDCF-4C97-7B45-BCA4-1AF65EBDDA1A}.Debug|Any CPU.ActiveCfg = Debug|Any CPU
		{2285FDCF-4C97-7B45-BCA4-1AF65EBDDA1A}.Debug|Any CPU.Build.0 = Debug|Any CPU
		{2285FDCF-4C97-7B45-BCA4-1AF65EBDDA1A}.Release|Any CPU.ActiveCfg = Release|Any CPU
		{2285FDCF-4C97-7B45-BCA4-1AF65EBDDA1A}.Release|Any CPU.Build.0 = Release|Any CPU
		{8ECAD98E-96DA-D532-CFDF-200731811F44}.Debug|Any CPU.ActiveCfg = Debug|Any CPU
		{8ECAD98E-96DA-D532-CFDF-200731811F44}.Debug|Any CPU.Build.0 = Debug|Any CPU
		{8ECAD98E-96DA-D532-CFDF-200731811F44}.Release|Any CPU.ActiveCfg = Release|Any CPU
		{8ECAD98E-96DA-D532-CFDF-200731811F44}.Release|Any CPU.Build.0 = Release|Any CPU
	EndGlobalSection
	GlobalSection(SolutionProperties) = preSolution
		HideSolutionNode = FALSE
	EndGlobalSection
	GlobalSection(ExtensibilityGlobals) = postSolution
		SolutionGuid = {3BB18E16-FF55-410E-8EE1-A0075A4D17A0}
	EndGlobalSection
EndGlobal
